PODS:
  - CocoaAsyncSocket (7.6.3)
  - CocoaHTTPServer (2.3):
    - CocoaAsyncSocket
    - CocoaLumberjack
  - CocoaLumberjack (3.5.1):
    - CocoaLumberjack/Core (= 3.5.1)
  - CocoaLumberjack/Core (3.5.1)
  - ESTMusicIndicator (0.2.0)
  - FastImageCache (1.5.1)
  - SnapKit (4.2.0)

DEPENDENCIES:
  - CocoaHTTPServer (from `https://github.com/cezres/CocoaHTTPServer.git`, commit `acc036960f14ae1e5f09eb80a95a91489ad52f7a`)
  - ESTMusicIndicator
  - FastImageCache
  - SnapKit

SPEC REPOS:
  https://github.com/cocoapods/specs.git:
    - CocoaAsyncSocket
    - CocoaLumberjack
    - ESTMusicIndicator
    - FastImageCache
    - SnapKit

EXTERNAL SOURCES:
  CocoaHTTPServer:
    :commit: acc036960f14ae1e5f09eb80a95a91489ad52f7a
    :git: https://github.com/cezres/CocoaHTTPServer.git

CHECKOUT OPTIONS:
  CocoaHTTPServer:
    :commit: acc036960f14ae1e5f09eb80a95a91489ad52f7a
    :git: https://github.com/cezres/CocoaHTTPServer.git

SPEC CHECKSUMS:
  CocoaAsyncSocket: eafaa68a7e0ec99ead0a7b35015e0bf25d2c8987
  CocoaHTTPServer: 5624681fc3473d43b18202f635f9b3abb013b530
  CocoaLumberjack: 2101f8a5508197a305e737d16c5c2e9e2157628c
  ESTMusicIndicator: 80a123b51a7de3caa44dc91829b9619185dad0f6
  FastImageCache: 2e7a6f677b15336eb3d1a4092a494676256c891d
  SnapKit: fe8a619752f3f27075cc9a90244d75c6c3f27e2a

PODFILE CHECKSUM: a95793b933429bb328bcb5421dab3e4beb415b0c

COCOAPODS: 1.7.0.beta.3
