// !$*UTF8*$!
{
	archiveVersion = 1;
	classes = {
	};
	objectVersion = 50;
	objects = {

/* Begin PBXBuildFile section */
		328AA8D498C81D46F0E0F322 /* Pods_files.framework in Frameworks */ = {isa = PBXBuildFile; fileRef = 66D44B66BF84045FC9D62BAA /* Pods_files.framework */; };
		D51A86CF223A26F100B81EE0 /* AppDelegate.swift in Sources */ = {isa = PBXBuildFile; fileRef = D51A86CE223A26F100B81EE0 /* AppDelegate.swift */; };
		D51A86D1223A26F100B81EE0 /* ViewController.swift in Sources */ = {isa = PBXBuildFile; fileRef = D51A86D0223A26F100B81EE0 /* ViewController.swift */; };
		D51A86D4223A26F100B81EE0 /* Main.storyboard in Resources */ = {isa = PBXBuildFile; fileRef = D51A86D2223A26F100B81EE0 /* Main.storyboard */; };
		D51A86D6223A26F300B81EE0 /* Assets.xcassets in Resources */ = {isa = PBXBuildFile; fileRef = D51A86D5223A26F300B81EE0 /* Assets.xcassets */; };
		D51A86D9223A26F300B81EE0 /* LaunchScreen.storyboard in Resources */ = {isa = PBXBuildFile; fileRef = D51A86D7223A26F300B81EE0 /* LaunchScreen.storyboard */; };
/* End PBXBuildFile section */

/* Begin PBXFileReference section */
		66D44B66BF84045FC9D62BAA /* Pods_files.framework */ = {isa = PBXFileReference; explicitFileType = wrapper.framework; includeInIndex = 0; path = Pods_files.framework; sourceTree = BUILT_PRODUCTS_DIR; };
		6E64CD061B8BA89CC163FA56 /* Pods-files.debug.xcconfig */ = {isa = PBXFileReference; includeInIndex = 1; lastKnownFileType = text.xcconfig; name = "Pods-files.debug.xcconfig"; path = "Target Support Files/Pods-files/Pods-files.debug.xcconfig"; sourceTree = "<group>"; };
		9E2F6DE14808CBA5D12EA179 /* Pods-files.release.xcconfig */ = {isa = PBXFileReference; includeInIndex = 1; lastKnownFileType = text.xcconfig; name = "Pods-files.release.xcconfig"; path = "Target Support Files/Pods-files/Pods-files.release.xcconfig"; sourceTree = "<group>"; };
		D51A86CB223A26F100B81EE0 /* files.app */ = {isa = PBXFileReference; explicitFileType = wrapper.application; includeInIndex = 0; path = files.app; sourceTree = BUILT_PRODUCTS_DIR; };
		D51A86CE223A26F100B81EE0 /* AppDelegate.swift */ = {isa = PBXFileReference; lastKnownFileType = sourcecode.swift; path = AppDelegate.swift; sourceTree = "<group>"; };
		D51A86D0223A26F100B81EE0 /* ViewController.swift */ = {isa = PBXFileReference; lastKnownFileType = sourcecode.swift; path = ViewController.swift; sourceTree = "<group>"; };
		D51A86D3223A26F100B81EE0 /* Base */ = {isa = PBXFileReference; lastKnownFileType = file.storyboard; name = Base; path = Base.lproj/Main.storyboard; sourceTree = "<group>"; };
		D51A86D5223A26F300B81EE0 /* Assets.xcassets */ = {isa = PBXFileReference; lastKnownFileType = folder.assetcatalog; path = Assets.xcassets; sourceTree = "<group>"; };
		D51A86D8223A26F300B81EE0 /* Base */ = {isa = PBXFileReference; lastKnownFileType = file.storyboard; name = Base; path = Base.lproj/LaunchScreen.storyboard; sourceTree = "<group>"; };
		D51A86DA223A26F300B81EE0 /* Info.plist */ = {isa = PBXFileReference; lastKnownFileType = text.plist.xml; path = Info.plist; sourceTree = "<group>"; };
/* End PBXFileReference section */

/* Begin PBXFrameworksBuildPhase section */
		D51A86C8223A26F100B81EE0 /* Frameworks */ = {
			isa = PBXFrameworksBuildPhase;
			buildActionMask = 2147483647;
			files = (
				328AA8D498C81D46F0E0F322 /* Pods_files.framework in Frameworks */,
			);
			runOnlyForDeploymentPostprocessing = 0;
		};
/* End PBXFrameworksBuildPhase section */

/* Begin PBXGroup section */
		94D2117352AB239768A55D63 /* Frameworks */ = {
			isa = PBXGroup;
			children = (
				66D44B66BF84045FC9D62BAA /* Pods_files.framework */,
			);
			name = Frameworks;
			sourceTree = "<group>";
		};
		B9EA5A1A35CB5D4485F4CF38 /* Pods */ = {
			isa = PBXGroup;
			children = (
				6E64CD061B8BA89CC163FA56 /* Pods-files.debug.xcconfig */,
				9E2F6DE14808CBA5D12EA179 /* Pods-files.release.xcconfig */,
			);
			path = Pods;
			sourceTree = "<group>";
		};
		D51A86C2223A26F100B81EE0 = {
			isa = PBXGroup;
			children = (
				D51A86CD223A26F100B81EE0 /* files */,
				D51A86CC223A26F100B81EE0 /* Products */,
				B9EA5A1A35CB5D4485F4CF38 /* Pods */,
				94D2117352AB239768A55D63 /* Frameworks */,
			);
			sourceTree = "<group>";
		};
		D51A86CC223A26F100B81EE0 /* Products */ = {
			isa = PBXGroup;
			children = (
				D51A86CB223A26F100B81EE0 /* files.app */,
			);
			name = Products;
			sourceTree = "<group>";
		};
		D51A86CD223A26F100B81EE0 /* files */ = {
			isa = PBXGroup;
			children = (
				D51A86CE223A26F100B81EE0 /* AppDelegate.swift */,
				D51A86D0223A26F100B81EE0 /* ViewController.swift */,
				D51A86D2223A26F100B81EE0 /* Main.storyboard */,
				D51A86D5223A26F300B81EE0 /* Assets.xcassets */,
				D51A86D7223A26F300B81EE0 /* LaunchScreen.storyboard */,
				D51A86DA223A26F300B81EE0 /* Info.plist */,
			);
			path = files;
			sourceTree = "<group>";
		};
/* End PBXGroup section */

/* Begin PBXNativeTarget section */
		D51A86CA223A26F100B81EE0 /* files */ = {
			isa = PBXNativeTarget;
			buildConfigurationList = D51A86DD223A26F300B81EE0 /* Build configuration list for PBXNativeTarget "files" */;
			buildPhases = (
				7B6EBA08F77275846D590CA7 /* [CP] Check Pods Manifest.lock */,
				D51A86C7223A26F100B81EE0 /* Sources */,
				D51A86C8223A26F100B81EE0 /* Frameworks */,
				D51A86C9223A26F100B81EE0 /* Resources */,
				9A014BE3D905EDE3F73D21B8 /* [CP] Embed Pods Frameworks */,
			);
			buildRules = (
			);
			dependencies = (
			);
			name = files;
			productName = files;
			productReference = D51A86CB223A26F100B81EE0 /* files.app */;
			productType = "com.apple.product-type.application";
		};
/* End PBXNativeTarget section */

/* Begin PBXProject section */
		D51A86C3223A26F100B81EE0 /* Project object */ = {
			isa = PBXProject;
			attributes = {
				LastSwiftUpdateCheck = 1010;
				LastUpgradeCheck = 1010;
				ORGANIZATIONNAME = cezres;
				TargetAttributes = {
					D51A86CA223A26F100B81EE0 = {
						CreatedOnToolsVersion = 10.1;
					};
				};
			};
			buildConfigurationList = D51A86C6223A26F100B81EE0 /* Build configuration list for PBXProject "files" */;
			compatibilityVersion = "Xcode 9.3";
			developmentRegion = en;
			hasScannedForEncodings = 0;
			knownRegions = (
				en,
				Base,
			);
			mainGroup = D51A86C2223A26F100B81EE0;
			productRefGroup = D51A86CC223A26F100B81EE0 /* Products */;
			projectDirPath = "";
			projectRoot = "";
			targets = (
				D51A86CA223A26F100B81EE0 /* files */,
			);
		};
/* End PBXProject section */

/* Begin PBXResourcesBuildPhase section */
		D51A86C9223A26F100B81EE0 /* Resources */ = {
			isa = PBXResourcesBuildPhase;
			buildActionMask = 2147483647;
			files = (
				D51A86D9223A26F300B81EE0 /* LaunchScreen.storyboard in Resources */,
				D51A86D6223A26F300B81EE0 /* Assets.xcassets in Resources */,
				D51A86D4223A26F100B81EE0 /* Main.storyboard in Resources */,
			);
			runOnlyForDeploymentPostprocessing = 0;
		};
/* End PBXResourcesBuildPhase section */

/* Begin PBXShellScriptBuildPhase section */
		7B6EBA08F77275846D590CA7 /* [CP] Check Pods Manifest.lock */ = {
			isa = PBXShellScriptBuildPhase;
			buildActionMask = 2147483647;
			files = (
			);
			inputFileListPaths = (
			);
			inputPaths = (
				"${PODS_PODFILE_DIR_PATH}/Podfile.lock",
				"${PODS_ROOT}/Manifest.lock",
			);
			name = "[CP] Check Pods Manifest.lock";
			outputFileListPaths = (
			);
			outputPaths = (
				"$(DERIVED_FILE_DIR)/Pods-files-checkManifestLockResult.txt",
			);
			runOnlyForDeploymentPostprocessing = 0;
			shellPath = /bin/sh;
			shellScript = "diff \"${PODS_PODFILE_DIR_PATH}/Podfile.lock\" \"${PODS_ROOT}/Manifest.lock\" > /dev/null\nif [ $? != 0 ] ; then\n    # print error to STDERR\n    echo \"error: The sandbox is not in sync with the Podfile.lock. Run 'pod install' or update your CocoaPods installation.\" >&2\n    exit 1\nfi\n# This output is used by Xcode 'outputs' to avoid re-running this script phase.\necho \"SUCCESS\" > \"${SCRIPT_OUTPUT_FILE_0}\"\n";
			showEnvVarsInLog = 0;
		};
		9A014BE3D905EDE3F73D21B8 /* [CP] Embed Pods Frameworks */ = {
			isa = PBXShellScriptBuildPhase;
			buildActionMask = 2147483647;
			files = (
			);
			inputFileListPaths = (
			);
			inputPaths = (
				"${PODS_ROOT}/Target Support Files/Pods-files/Pods-files-frameworks.sh",
				"${BUILT_PRODUCTS_DIR}/CocoaAsyncSocket/CocoaAsyncSocket.framework",
				"${BUILT_PRODUCTS_DIR}/CocoaHTTPServer/CocoaHTTPServer.framework",
				"${BUILT_PRODUCTS_DIR}/CocoaLumberjack/CocoaLumberjack.framework",
				"${BUILT_PRODUCTS_DIR}/SnapKit/SnapKit.framework",
			);
			name = "[CP] Embed Pods Frameworks";
			outputFileListPaths = (
			);
			outputPaths = (
				"${TARGET_BUILD_DIR}/${FRAMEWORKS_FOLDER_PATH}/CocoaAsyncSocket.framework",
				"${TARGET_BUILD_DIR}/${FRAMEWORKS_FOLDER_PATH}/CocoaHTTPServer.framework",
				"${TARGET_BUILD_DIR}/${FRAMEWORKS_FOLDER_PATH}/CocoaLumberjack.framework",
				"${TARGET_BUILD_DIR}/${FRAMEWORKS_FOLDER_PATH}/SnapKit.framework",
			);
			runOnlyForDeploymentPostprocessing = 0;
			shellPath = /bin/sh;
			shellScript = "\"${PODS_ROOT}/Target Support Files/Pods-files/Pods-files-frameworks.sh\"\n";
			showEnvVarsInLog = 0;
		};
/* End PBXShellScriptBuildPhase section */

/* Begin PBXSourcesBuildPhase section */
		D51A86C7223A26F100B81EE0 /* Sources */ = {
			isa = PBXSourcesBuildPhase;
			buildActionMask = 2147483647;
			files = (
				D51A86D1223A26F100B81EE0 /* ViewController.swift in Sources */,
				D51A86CF223A26F100B81EE0 /* AppDelegate.swift in Sources */,
			);
			runOnlyForDeploymentPostprocessing = 0;
		};
/* End PBXSourcesBuildPhase section */

/* Begin PBXVariantGroup section */
		D51A86D2223A26F100B81EE0 /* Main.storyboard */ = {
			isa = PBXVariantGroup;
			children = (
				D51A86D3223A26F100B81EE0 /* Base */,
			);
			name = Main.storyboard;
			sourceTree = "<group>";
		};
		D51A86D7223A26F300B81EE0 /* LaunchScreen.storyboard */ = {
			isa = PBXVariantGroup;
			children = (
				D51A86D8223A26F300B81EE0 /* Base */,
			);
			name = LaunchScreen.storyboard;
			sourceTree = "<group>";
		};
/* End PBXVariantGroup section */

/* Begin XCBuildConfiguration section */
		D51A86DB223A26F300B81EE0 /* Debug */ = {
			isa = XCBuildConfiguration;
			buildSettings = {
				ALWAYS_SEARCH_USER_PATHS = NO;
				CLANG_ANALYZER_NONNULL = YES;
				CLANG_ANALYZER_NUMBER_OBJECT_CONVERSION = YES_AGGRESSIVE;
				CLANG_CXX_LANGUAGE_STANDARD = "gnu++14";
				CLANG_CXX_LIBRARY = "libc++";
				CLANG_ENABLE_MODULES = YES;
				CLANG_ENABLE_OBJC_ARC = YES;
				CLANG_ENABLE_OBJC_WEAK = YES;
				CLANG_WARN_BLOCK_CAPTURE_AUTORELEASING = YES;
				CLANG_WARN_BOOL_CONVERSION = YES;
				CLANG_WARN_COMMA = YES;
				CLANG_WARN_CONSTANT_CONVERSION = YES;
				CLANG_WARN_DEPRECATED_OBJC_IMPLEMENTATIONS = YES;
				CLANG_WARN_DIRECT_OBJC_ISA_USAGE = YES_ERROR;
				CLANG_WARN_DOCUMENTATION_COMMENTS = YES;
				CLANG_WARN_EMPTY_BODY = YES;
				CLANG_WARN_ENUM_CONVERSION = YES;
				CLANG_WARN_INFINITE_RECURSION = YES;
				CLANG_WARN_INT_CONVERSION = YES;
				CLANG_WARN_NON_LITERAL_NULL_CONVERSION = YES;
				CLANG_WARN_OBJC_IMPLICIT_RETAIN_SELF = YES;
				CLANG_WARN_OBJC_LITERAL_CONVERSION = YES;
				CLANG_WARN_OBJC_ROOT_CLASS = YES_ERROR;
				CLANG_WARN_RANGE_LOOP_ANALYSIS = YES;
				CLANG_WARN_STRICT_PROTOTYPES = YES;
				CLANG_WARN_SUSPICIOUS_MOVE = YES;
				CLANG_WARN_UNGUARDED_AVAILABILITY = YES_AGGRESSIVE;
				CLANG_WARN_UNREACHABLE_CODE = YES;
				CLANG_WARN__DUPLICATE_METHOD_MATCH = YES;
				CODE_SIGN_IDENTITY = "iPhone Developer";
				COPY_PHASE_STRIP = NO;
				DEBUG_INFORMATION_FORMAT = dwarf;
				ENABLE_STRICT_OBJC_MSGSEND = YES;
				ENABLE_TESTABILITY = YES;
				GCC_C_LANGUAGE_STANDARD = gnu11;
				GCC_DYNAMIC_NO_PIC = NO;
				GCC_NO_COMMON_BLOCKS = YES;
				GCC_OPTIMIZATION_LEVEL = 0;
				GCC_PREPROCESSOR_DEFINITIONS = (
					"DEBUG=1",
					"$(inherited)",
				);
				GCC_WARN_64_TO_32_BIT_CONVERSION = YES;
				GCC_WARN_ABOUT_RETURN_TYPE = YES_ERROR;
				GCC_WARN_UNDECLARED_SELECTOR = YES;
				GCC_WARN_UNINITIALIZED_AUTOS = YES_AGGRESSIVE;
				GCC_WARN_UNUSED_FUNCTION = YES;
				GCC_WARN_UNUSED_VARIABLE = YES;
				IPHONEOS_DEPLOYMENT_TARGET = 12.1;
				MTL_ENABLE_DEBUG_INFO = INCLUDE_SOURCE;
				MTL_FAST_MATH = YES;
				ONLY_ACTIVE_ARCH = YES;
				SDKROOT = iphoneos;
				SWIFT_ACTIVE_COMPILATION_CONDITIONS = DEBUG;
				SWIFT_OPTIMIZATION_LEVEL = "-Onone";
			};
			name = Debug;
		};
		D51A86DC223A26F300B81EE0 /* Release */ = {
			isa = XCBuildConfiguration;
			buildSettings = {
				ALWAYS_SEARCH_USER_PATHS = NO;
				CLANG_ANALYZER_NONNULL = YES;
				CLANG_ANALYZER_NUMBER_OBJECT_CONVERSION = YES_AGGRESSIVE;
				CLANG_CXX_LANGUAGE_STANDARD = "gnu++14";
				CLANG_CXX_LIBRARY = "libc++";
				CLANG_ENABLE_MODULES = YES;
				CLANG_ENABLE_OBJC_ARC = YES;
				CLANG_ENABLE_OBJC_WEAK = YES;
				CLANG_WARN_BLOCK_CAPTURE_AUTORELEASING = YES;
				CLANG_WARN_BOOL_CONVERSION = YES;
				CLANG_WARN_COMMA = YES;
				CLANG_WARN_CONSTANT_CONVERSION = YES;
				CLANG_WARN_DEPRECATED_OBJC_IMPLEMENTATIONS = YES;
				CLANG_WARN_DIRECT_OBJC_ISA_USAGE = YES_ERROR;
				CLANG_WARN_DOCUMENTATION_COMMENTS = YES;
				CLANG_WARN_EMPTY_BODY = YES;
				CLANG_WARN_ENUM_CONVERSION = YES;
				CLANG_WARN_INFINITE_RECURSION = YES;
				CLANG_WARN_INT_CONVERSION = YES;
				CLANG_WARN_NON_LITERAL_NULL_CONVERSION = YES;
				CLANG_WARN_OBJC_IMPLICIT_RETAIN_SELF = YES;
				CLANG_WARN_OBJC_LITERAL_CONVERSION = YES;
				CLANG_WARN_OBJC_ROOT_CLASS = YES_ERROR;
				CLANG_WARN_RANGE_LOOP_ANALYSIS = YES;
				CLANG_WARN_STRICT_PROTOTYPES = YES;
				CLANG_WARN_SUSPICIOUS_MOVE = YES;
				CLANG_WARN_UNGUARDED_AVAILABILITY = YES_AGGRESSIVE;
				CLANG_WARN_UNREACHABLE_CODE = YES;
				CLANG_WARN__DUPLICATE_METHOD_MATCH = YES;
				CODE_SIGN_IDENTITY = "iPhone Developer";
				COPY_PHASE_STRIP = NO;
				DEBUG_INFORMATION_FORMAT = "dwarf-with-dsym";
				ENABLE_NS_ASSERTIONS = NO;
				ENABLE_STRICT_OBJC_MSGSEND = YES;
				GCC_C_LANGUAGE_STANDARD = gnu11;
				GCC_NO_COMMON_BLOCKS = YES;
				GCC_WARN_64_TO_32_BIT_CONVERSION = YES;
				GCC_WARN_ABOUT_RETURN_TYPE = YES_ERROR;
				GCC_WARN_UNDECLARED_SELECTOR = YES;
				GCC_WARN_UNINITIALIZED_AUTOS = YES_AGGRESSIVE;
				GCC_WARN_UNUSED_FUNCTION = YES;
				GCC_WARN_UNUSED_VARIABLE = YES;
				IPHONEOS_DEPLOYMENT_TARGET = 12.1;
				MTL_ENABLE_DEBUG_INFO = NO;
				MTL_FAST_MATH = YES;
				SDKROOT = iphoneos;
				SWIFT_COMPILATION_MODE = wholemodule;
				SWIFT_OPTIMIZATION_LEVEL = "-O";
				VALIDATE_PRODUCT = YES;
			};
			name = Release;
		};
		D51A86DE223A26F300B81EE0 /* Debug */ = {
			isa = XCBuildConfiguration;
			baseConfigurationReference = 6E64CD061B8BA89CC163FA56 /* Pods-files.debug.xcconfig */;
			buildSettings = {
				ASSETCATALOG_COMPILER_APPICON_NAME = AppIcon;
				CODE_SIGN_STYLE = Automatic;
				DEVELOPMENT_TEAM = PBL67DWM43;
				INFOPLIST_FILE = files/Info.plist;
				LD_RUNPATH_SEARCH_PATHS = (
					"$(inherited)",
					"@executable_path/Frameworks",
				);
				PRODUCT_BUNDLE_IDENTIFIER = com.cezres.files;
				PRODUCT_NAME = "$(TARGET_NAME)";
				SWIFT_VERSION = 4.2;
				TARGETED_DEVICE_FAMILY = "1,2";
			};
			name = Debug;
		};
		D51A86DF223A26F300B81EE0 /* Release */ = {
			isa = XCBuildConfiguration;
			baseConfigurationReference = 9E2F6DE14808CBA5D12EA179 /* Pods-files.release.xcconfig */;
			buildSettings = {
				ASSETCATALOG_COMPILER_APPICON_NAME = AppIcon;
				CODE_SIGN_STYLE = Automatic;
				DEVELOPMENT_TEAM = PBL67DWM43;
				INFOPLIST_FILE = files/Info.plist;
				LD_RUNPATH_SEARCH_PATHS = (
					"$(inherited)",
					"@executable_path/Frameworks",
				);
				PRODUCT_BUNDLE_IDENTIFIER = com.cezres.files;
				PRODUCT_NAME = "$(TARGET_NAME)";
				SWIFT_VERSION = 4.2;
				TARGETED_DEVICE_FAMILY = "1,2";
			};
			name = Release;
		};
/* End XCBuildConfiguration section */

/* Begin XCConfigurationList section */
		D51A86C6223A26F100B81EE0 /* Build configuration list for PBXProject "files" */ = {
			isa = XCConfigurationList;
			buildConfigurations = (
				D51A86DB223A26F300B81EE0 /* Debug */,
				D51A86DC223A26F300B81EE0 /* Release */,
			);
			defaultConfigurationIsVisible = 0;
			defaultConfigurationName = Release;
		};
		D51A86DD223A26F300B81EE0 /* Build configuration list for PBXNativeTarget "files" */ = {
			isa = XCConfigurationList;
			buildConfigurations = (
				D51A86DE223A26F300B81EE0 /* Debug */,
				D51A86DF223A26F300B81EE0 /* Release */,
			);
			defaultConfigurationIsVisible = 0;
			defaultConfigurationName = Release;
		};
/* End XCConfigurationList section */
	};
	rootObject = D51A86C3223A26F100B81EE0 /* Project object */;
}
